
Microsoft Visual Studio Solution File, Format Version 12.00
# Visual Studio Version 17
VisualStudioVersion = 17.9.34616.47
MinimumVisualStudioVersion = 10.0.40219.1
Project("{8BC9CEB8-8B4A-11D0-8D11-00A0C91BC942}") = "Constructor_0161", "Constructor_0161.vcxproj", "{40D9A60C-33DA-429E-9E97-2B24A68A429F}"
EndProject
Global
	GlobalSection(SolutionConfigurationPlatforms) = preSolution
		Debug|x64 = Debug|x64
		Debug|x86 = Debug|x86
		Release|x64 = Release|x64
		Release|x86 = Release|x86
	EndGlobalSection
	GlobalSection(ProjectConfigurationPlatforms) = postSolution
		{40D9A60C-33DA-429E-9E97-2B24A68A429F}.Debug|x64.ActiveCfg = Debug|x64
		{40D9A60C-33DA-429E-9E97-2B24A68A429F}.Debug|x64.Build.0 = Debug|x64
		{40D9A60C-33DA-429E-9E97-2B24A68A429F}.Debug|x86.ActiveCfg = Debug|Win32
		{40D9A60C-33DA-429E-9E97-2B24A68A429F}.Debug|x86.Build.0 = Debug|Win32
		{40D9A60C-33DA-429E-9E97-2B24A68A429F}.Release|x64.ActiveCfg = Release|x64
		{40D9A60C-33DA-429E-9E97-2B24A68A429F}.Release|x64.Build.0 = Release|x64
		{40D9A60C-33DA-429E-9E97-2B24A68A429F}.Release|x86.ActiveCfg = Release|Win32
		{40D9A60C-33DA-429E-9E97-2B24A68A429F}.Release|x86.Build.0 = Release|Win32
	EndGlobalSection
	GlobalSection(SolutionProperties) = preSolution
		HideSolutionNode = FALSE
	EndGlobalSection
	GlobalSection(ExtensibilityGlobals) = postSolution
		SolutionGuid = {B8002DE3-FD4C-4764-8C58-8060C7C9F512}
	EndGlobalSection
EndGlobal
